
Microsoft Visual Studio Solution File, Format Version 12.00
# Visual Studio Version 16
VisualStudioVersion = 16.0.31410.357
MinimumVisualStudioVersion = 10.0.40219.1
Project("{FAE04EC0-301F-11D3-BF4B-00C04F79EFBC}") = "WOW DPS Upper", "WOW DPS Upper\WOW DPS Upper.csproj", "{BA5F3318-676A-4BE1-9FCB-EB28CE1EEA64}"
EndProject
Global
	GlobalSection(SolutionConfigurationPlatforms) = preSolution
		Debug|Any CPU = Debug|Any CPU
		Release|Any CPU = Release|Any CPU
	EndGlobalSection
	GlobalSection(ProjectConfigurationPlatforms) = postSolution
		{BA5F3318-676A-4BE1-9FCB-EB28CE1EEA64}.Debug|Any CPU.ActiveCfg = Debug|Any CPU
		{BA5F3318-676A-4BE1-9FCB-EB28CE1EEA64}.Debug|Any CPU.Build.0 = Debug|Any CPU
		{BA5F3318-676A-4BE1-9FCB-EB28CE1EEA64}.Release|Any CPU.ActiveCfg = Release|Any CPU
		{BA5F3318-676A-4BE1-9FCB-EB28CE1EEA64}.Release|Any CPU.Build.0 = Release|Any CPU
	EndGlobalSection
	GlobalSection(SolutionProperties) = preSolution
		HideSolutionNode = FALSE
	EndGlobalSection
	GlobalSection(ExtensibilityGlobals) = postSolution
		SolutionGuid = {DBE6E39A-C1FD-49C1-A1B7-C0E3D85AB799}
	EndGlobalSection
EndGlobal
